
Microsoft Visual Studio Solution File, Format Version 12.00
# Visual Studio Version 17
VisualStudioVersion = 17.9.34723.18
MinimumVisualStudioVersion = 10.0.40219.1
Project("{2150E333-8FDC-42A3-9474-1A3956D46DE8}") = "Solution Items", "Solution Items", "{0110D5C3-871C-4098-BAF5-DAC88761D782}"
	ProjectSection(SolutionItems) = preProject
		src\docker-compose.override.yml = src\docker-compose.override.yml
		src\docker-compose.yml = src\docker-compose.yml
		global.json = global.json
		README.md = README.md
	EndProjectSection
EndProject
Project("{2150E333-8FDC-42A3-9474-1A3956D46DE8}") = "src", "src", "{A9E69808-B040-4365-BB64-1C19366AEAC9}"
EndProject
Project("{2150E333-8FDC-42A3-9474-1A3956D46DE8}") = "tests", "tests", "{7B75235C-BFD5-46C3-906E-A839D01CA25C}"
EndProject
Project("{2150E333-8FDC-42A3-9474-1A3956D46DE8}") = "ApiGateways", "ApiGateways", "{1D590E20-F27E-49BA-A980-CC9B2F02A551}"
EndProject
Project("{2150E333-8FDC-42A3-9474-1A3956D46DE8}") = "BuildingBlocks", "BuildingBlocks", "{4E2FA213-2383-43C4-A915-B7D9B88A5064}"
EndProject
Project("{2150E333-8FDC-42A3-9474-1A3956D46DE8}") = "Services", "Services", "{A9B62816-CD4E-47AD-B8DF-5047192587DA}"
EndProject
Project("{2150E333-8FDC-42A3-9474-1A3956D46DE8}") = "WebApps", "WebApps", "{F9BEDBF6-E74A-4391-AC26-D67C825C5CF7}"
EndProject
Project("{FAE04EC0-301F-11D3-BF4B-00C04F79EFBC}") = "Common.Logging", "src\BuildingBlocks\Common.Logging\Common.Logging.csproj", "{C1E5738A-0BF2-4ECB-A510-A7AE8FEC4434}"
EndProject
Project("{FAE04EC0-301F-11D3-BF4B-00C04F79EFBC}") = "EventBus.Messages", "src\BuildingBlocks\EventBus.Messages\EventBus.Messages.csproj", "{574C85ED-3548-4A3A-9908-F58C04A61F34}"
EndProject
Project("{2150E333-8FDC-42A3-9474-1A3956D46DE8}") = "Basket", "Basket", "{C3981160-45D0-4691-A0C4-32F5562E1DF0}"
EndProject
Project("{2150E333-8FDC-42A3-9474-1A3956D46DE8}") = "Customer", "Customer", "{56E35544-364F-47D6-B325-7070833E3780}"
EndProject
Project("{2150E333-8FDC-42A3-9474-1A3956D46DE8}") = "Inventory", "Inventory", "{6A855799-7557-4C00-BA89-365DBBC32A18}"
EndProject
Project("{2150E333-8FDC-42A3-9474-1A3956D46DE8}") = "Ordering", "Ordering", "{A5325FDC-AE16-4718-9786-EC33E032C4EE}"
EndProject
Project("{2150E333-8FDC-42A3-9474-1A3956D46DE8}") = "Product", "Product", "{05AFF4AB-5F07-4CDE-A1B7-85440A92AE08}"
EndProject
Project("{2150E333-8FDC-42A3-9474-1A3956D46DE8}") = "ScheduledJob", "ScheduledJob", "{181A8BE4-C852-4191-B00C-A0B69B6321EE}"
EndProject
Project("{FAE04EC0-301F-11D3-BF4B-00C04F79EFBC}") = "WebHealthStatus", "src\WebApps\WebHealthStatus\WebHealthStatus.csproj", "{F6CBD866-0F34-4BF6-BF7A-D58D1B5D26B0}"
EndProject
Project("{FAE04EC0-301F-11D3-BF4B-00C04F79EFBC}") = "Basket.API", "src\Services\Basket.API\Basket.API.csproj", "{26078A7B-CE70-447E-90B7-B56AEF52AD08}"
EndProject
Project("{FAE04EC0-301F-11D3-BF4B-00C04F79EFBC}") = "Customer.API", "src\Services\Customer.API\Customer.API.csproj", "{1DFBA759-00A7-4E85-974D-85FBD3CAEE45}"
EndProject
Project("{FAE04EC0-301F-11D3-BF4B-00C04F79EFBC}") = "Inventory.Product.API", "src\Services\Inventory.Product.API\Inventory.Product.API.csproj", "{1BFE6A06-9199-42BD-9BD0-CEF882794CF9}"
EndProject
Project("{FAE04EC0-301F-11D3-BF4B-00C04F79EFBC}") = "Ordering.API", "src\Services\Ordering.API\Ordering.API.csproj", "{B70FF687-F35E-4E13-A3A4-9B381C7B2F0D}"
EndProject
Project("{FAE04EC0-301F-11D3-BF4B-00C04F79EFBC}") = "Product.API", "src\Services\Product.API\Product.API.csproj", "{7C023B3C-0C54-4B0E-96AF-BF3E9E3A693C}"
EndProject
Project("{FAE04EC0-301F-11D3-BF4B-00C04F79EFBC}") = "Hangfire.API", "src\Services\Hangfire.API\Hangfire.API.csproj", "{E742D0EA-1B19-40AB-8968-5C056C252959}"
EndProject
Project("{FAE04EC0-301F-11D3-BF4B-00C04F79EFBC}") = "Contracts", "src\BuildingBlocks\Contracts\Contracts.csproj", "{45A5603F-F420-4DF7-8D08-41DB9B9EAD7B}"
EndProject
Project("{FAE04EC0-301F-11D3-BF4B-00C04F79EFBC}") = "Infrastructure", "src\BuildingBlocks\Infrastructure\Infrastructure.csproj", "{F7646069-0DAD-4C89-98BA-93292DDC36A4}"
EndProject
Project("{FAE04EC0-301F-11D3-BF4B-00C04F79EFBC}") = "Shared", "src\BuildingBlocks\Shared\Shared.csproj", "{01C1C414-E3C1-4391-A5D6-2866BC8E7958}"
EndProject
Project("{FAE04EC0-301F-11D3-BF4B-00C04F79EFBC}") = "OcelotApiGateway", "src\ApiGateways\OcelotApiGateway\OcelotApiGateway.csproj", "{4F10F9B9-E3FF-45E8-8791-E5693027E27F}"
EndProject
Global
	GlobalSection(SolutionConfigurationPlatforms) = preSolution
		Debug|Any CPU = Debug|Any CPU
		Release|Any CPU = Release|Any CPU
	EndGlobalSection
	GlobalSection(ProjectConfigurationPlatforms) = postSolution
		{C1E5738A-0BF2-4ECB-A510-A7AE8FEC4434}.Debug|Any CPU.ActiveCfg = Debug|Any CPU
		{C1E5738A-0BF2-4ECB-A510-A7AE8FEC4434}.Debug|Any CPU.Build.0 = Debug|Any CPU
		{C1E5738A-0BF2-4ECB-A510-A7AE8FEC4434}.Release|Any CPU.ActiveCfg = Release|Any CPU
		{C1E5738A-0BF2-4ECB-A510-A7AE8FEC4434}.Release|Any CPU.Build.0 = Release|Any CPU
		{574C85ED-3548-4A3A-9908-F58C04A61F34}.Debug|Any CPU.ActiveCfg = Debug|Any CPU
		{574C85ED-3548-4A3A-9908-F58C04A61F34}.Debug|Any CPU.Build.0 = Debug|Any CPU
		{574C85ED-3548-4A3A-9908-F58C04A61F34}.Release|Any CPU.ActiveCfg = Release|Any CPU
		{574C85ED-3548-4A3A-9908-F58C04A61F34}.Release|Any CPU.Build.0 = Release|Any CPU
		{F6CBD866-0F34-4BF6-BF7A-D58D1B5D26B0}.Debug|Any CPU.ActiveCfg = Debug|Any CPU
		{F6CBD866-0F34-4BF6-BF7A-D58D1B5D26B0}.Debug|Any CPU.Build.0 = Debug|Any CPU
		{F6CBD866-0F34-4BF6-BF7A-D58D1B5D26B0}.Release|Any CPU.ActiveCfg = Release|Any CPU
		{F6CBD866-0F34-4BF6-BF7A-D58D1B5D26B0}.Release|Any CPU.Build.0 = Release|Any CPU
		{26078A7B-CE70-447E-90B7-B56AEF52AD08}.Debug|Any CPU.ActiveCfg = Debug|Any CPU
		{26078A7B-CE70-447E-90B7-B56AEF52AD08}.Debug|Any CPU.Build.0 = Debug|Any CPU
		{26078A7B-CE70-447E-90B7-B56AEF52AD08}.Release|Any CPU.ActiveCfg = Release|Any CPU
		{26078A7B-CE70-447E-90B7-B56AEF52AD08}.Release|Any CPU.Build.0 = Release|Any CPU
		{1DFBA759-00A7-4E85-974D-85FBD3CAEE45}.Debug|Any CPU.ActiveCfg = Debug|Any CPU
		{1DFBA759-00A7-4E85-974D-85FBD3CAEE45}.Debug|Any CPU.Build.0 = Debug|Any CPU
		{1DFBA759-00A7-4E85-974D-85FBD3CAEE45}.Release|Any CPU.ActiveCfg = Release|Any CPU
		{1DFBA759-00A7-4E85-974D-85FBD3CAEE45}.Release|Any CPU.Build.0 = Release|Any CPU
		{1BFE6A06-9199-42BD-9BD0-CEF882794CF9}.Debug|Any CPU.ActiveCfg = Debug|Any CPU
		{1BFE6A06-9199-42BD-9BD0-CEF882794CF9}.Debug|Any CPU.Build.0 = Debug|Any CPU
		{1BFE6A06-9199-42BD-9BD0-CEF882794CF9}.Release|Any CPU.ActiveCfg = Release|Any CPU
		{1BFE6A06-9199-42BD-9BD0-CEF882794CF9}.Release|Any CPU.Build.0 = Release|Any CPU
		{B70FF687-F35E-4E13-A3A4-9B381C7B2F0D}.Debug|Any CPU.ActiveCfg = Debug|Any CPU
		{B70FF687-F35E-4E13-A3A4-9B381C7B2F0D}.Debug|Any CPU.Build.0 = Debug|Any CPU
		{B70FF687-F35E-4E13-A3A4-9B381C7B2F0D}.Release|Any CPU.ActiveCfg = Release|Any CPU
		{B70FF687-F35E-4E13-A3A4-9B381C7B2F0D}.Release|Any CPU.Build.0 = Release|Any CPU
		{7C023B3C-0C54-4B0E-96AF-BF3E9E3A693C}.Debug|Any CPU.ActiveCfg = Debug|Any CPU
		{7C023B3C-0C54-4B0E-96AF-BF3E9E3A693C}.Debug|Any CPU.Build.0 = Debug|Any CPU
		{7C023B3C-0C54-4B0E-96AF-BF3E9E3A693C}.Release|Any CPU.ActiveCfg = Release|Any CPU
		{7C023B3C-0C54-4B0E-96AF-BF3E9E3A693C}.Release|Any CPU.Build.0 = Release|Any CPU
		{E742D0EA-1B19-40AB-8968-5C056C252959}.Debug|Any CPU.ActiveCfg = Debug|Any CPU
		{E742D0EA-1B19-40AB-8968-5C056C252959}.Debug|Any CPU.Build.0 = Debug|Any CPU
		{E742D0EA-1B19-40AB-8968-5C056C252959}.Release|Any CPU.ActiveCfg = Release|Any CPU
		{E742D0EA-1B19-40AB-8968-5C056C252959}.Release|Any CPU.Build.0 = Release|Any CPU
		{45A5603F-F420-4DF7-8D08-41DB9B9EAD7B}.Debug|Any CPU.ActiveCfg = Debug|Any CPU
		{45A5603F-F420-4DF7-8D08-41DB9B9EAD7B}.Debug|Any CPU.Build.0 = Debug|Any CPU
		{45A5603F-F420-4DF7-8D08-41DB9B9EAD7B}.Release|Any CPU.ActiveCfg = Release|Any CPU
		{45A5603F-F420-4DF7-8D08-41DB9B9EAD7B}.Release|Any CPU.Build.0 = Release|Any CPU
		{F7646069-0DAD-4C89-98BA-93292DDC36A4}.Debug|Any CPU.ActiveCfg = Debug|Any CPU
		{F7646069-0DAD-4C89-98BA-93292DDC36A4}.Debug|Any CPU.Build.0 = Debug|Any CPU
		{F7646069-0DAD-4C89-98BA-93292DDC36A4}.Release|Any CPU.ActiveCfg = Release|Any CPU
		{F7646069-0DAD-4C89-98BA-93292DDC36A4}.Release|Any CPU.Build.0 = Release|Any CPU
		{01C1C414-E3C1-4391-A5D6-2866BC8E7958}.Debug|Any CPU.ActiveCfg = Debug|Any CPU
		{01C1C414-E3C1-4391-A5D6-2866BC8E7958}.Debug|Any CPU.Build.0 = Debug|Any CPU
		{01C1C414-E3C1-4391-A5D6-2866BC8E7958}.Release|Any CPU.ActiveCfg = Release|Any CPU
		{01C1C414-E3C1-4391-A5D6-2866BC8E7958}.Release|Any CPU.Build.0 = Release|Any CPU
		{4F10F9B9-E3FF-45E8-8791-E5693027E27F}.Debug|Any CPU.ActiveCfg = Debug|Any CPU
		{4F10F9B9-E3FF-45E8-8791-E5693027E27F}.Debug|Any CPU.Build.0 = Debug|Any CPU
		{4F10F9B9-E3FF-45E8-8791-E5693027E27F}.Release|Any CPU.ActiveCfg = Release|Any CPU
		{4F10F9B9-E3FF-45E8-8791-E5693027E27F}.Release|Any CPU.Build.0 = Release|Any CPU
	EndGlobalSection
	GlobalSection(SolutionProperties) = preSolution
		HideSolutionNode = FALSE
	EndGlobalSection
	GlobalSection(NestedProjects) = preSolution
		{1D590E20-F27E-49BA-A980-CC9B2F02A551} = {A9E69808-B040-4365-BB64-1C19366AEAC9}
		{4E2FA213-2383-43C4-A915-B7D9B88A5064} = {A9E69808-B040-4365-BB64-1C19366AEAC9}
		{A9B62816-CD4E-47AD-B8DF-5047192587DA} = {A9E69808-B040-4365-BB64-1C19366AEAC9}
		{F9BEDBF6-E74A-4391-AC26-D67C825C5CF7} = {A9E69808-B040-4365-BB64-1C19366AEAC9}
		{C1E5738A-0BF2-4ECB-A510-A7AE8FEC4434} = {4E2FA213-2383-43C4-A915-B7D9B88A5064}
		{574C85ED-3548-4A3A-9908-F58C04A61F34} = {4E2FA213-2383-43C4-A915-B7D9B88A5064}
		{C3981160-45D0-4691-A0C4-32F5562E1DF0} = {A9B62816-CD4E-47AD-B8DF-5047192587DA}
		{56E35544-364F-47D6-B325-7070833E3780} = {A9B62816-CD4E-47AD-B8DF-5047192587DA}
		{6A855799-7557-4C00-BA89-365DBBC32A18} = {A9B62816-CD4E-47AD-B8DF-5047192587DA}
		{A5325FDC-AE16-4718-9786-EC33E032C4EE} = {A9B62816-CD4E-47AD-B8DF-5047192587DA}
		{05AFF4AB-5F07-4CDE-A1B7-85440A92AE08} = {A9B62816-CD4E-47AD-B8DF-5047192587DA}
		{181A8BE4-C852-4191-B00C-A0B69B6321EE} = {A9B62816-CD4E-47AD-B8DF-5047192587DA}
		{F6CBD866-0F34-4BF6-BF7A-D58D1B5D26B0} = {F9BEDBF6-E74A-4391-AC26-D67C825C5CF7}
		{26078A7B-CE70-447E-90B7-B56AEF52AD08} = {C3981160-45D0-4691-A0C4-32F5562E1DF0}
		{1DFBA759-00A7-4E85-974D-85FBD3CAEE45} = {56E35544-364F-47D6-B325-7070833E3780}
		{1BFE6A06-9199-42BD-9BD0-CEF882794CF9} = {6A855799-7557-4C00-BA89-365DBBC32A18}
		{B70FF687-F35E-4E13-A3A4-9B381C7B2F0D} = {A5325FDC-AE16-4718-9786-EC33E032C4EE}
		{7C023B3C-0C54-4B0E-96AF-BF3E9E3A693C} = {05AFF4AB-5F07-4CDE-A1B7-85440A92AE08}
		{E742D0EA-1B19-40AB-8968-5C056C252959} = {181A8BE4-C852-4191-B00C-A0B69B6321EE}
		{45A5603F-F420-4DF7-8D08-41DB9B9EAD7B} = {4E2FA213-2383-43C4-A915-B7D9B88A5064}
		{F7646069-0DAD-4C89-98BA-93292DDC36A4} = {4E2FA213-2383-43C4-A915-B7D9B88A5064}
		{01C1C414-E3C1-4391-A5D6-2866BC8E7958} = {4E2FA213-2383-43C4-A915-B7D9B88A5064}
		{4F10F9B9-E3FF-45E8-8791-E5693027E27F} = {1D590E20-F27E-49BA-A980-CC9B2F02A551}
	EndGlobalSection
	GlobalSection(ExtensibilityGlobals) = postSolution
		SolutionGuid = {5B5BDD5D-8878-4C9A-808E-C52CF1F0EEC8}
	EndGlobalSection
EndGlobal
